
Microsoft Visual Studio Solution File, Format Version 12.00
# Visual Studio 15
VisualStudioVersion = 15.0.28010.2041
MinimumVisualStudioVersion = 10.0.40219.1
Project("{FAE04EC0-301F-11D3-BF4B-00C04F79EFBC}") = "Webservice", "Webservice\Webservice.csproj", "{B2753D70-2ECD-40C9-8381-49D647CAE7A7}"
EndProject
Project("{9A19103F-16F7-4668-BE54-9A1E7A4F7556}") = "DataService", "..\..\WebDataAssignment4\Assignment4\DataService.csproj", "{60BDAF27-2EC6-46F6-B90F-61A45B6AE1C1}"
EndProject
Project("{9A19103F-16F7-4668-BE54-9A1E7A4F7556}") = "Assignment4.Tests", "..\..\WebDataAssignment4\Assignment4.Tests\Assignment4.Tests.csproj", "{D3E0278E-E9DC-4F99-A14A-01068709F056}"
EndProject
Global
	GlobalSection(SolutionConfigurationPlatforms) = preSolution
		Debug|Any CPU = Debug|Any CPU
		Release|Any CPU = Release|Any CPU
	EndGlobalSection
	GlobalSection(ProjectConfigurationPlatforms) = postSolution
		{B2753D70-2ECD-40C9-8381-49D647CAE7A7}.Debug|Any CPU.ActiveCfg = Debug|Any CPU
		{B2753D70-2ECD-40C9-8381-49D647CAE7A7}.Debug|Any CPU.Build.0 = Debug|Any CPU
		{B2753D70-2ECD-40C9-8381-49D647CAE7A7}.Release|Any CPU.ActiveCfg = Release|Any CPU
		{B2753D70-2ECD-40C9-8381-49D647CAE7A7}.Release|Any CPU.Build.0 = Release|Any CPU
		{60BDAF27-2EC6-46F6-B90F-61A45B6AE1C1}.Debug|Any CPU.ActiveCfg = Debug|Any CPU
		{60BDAF27-2EC6-46F6-B90F-61A45B6AE1C1}.Debug|Any CPU.Build.0 = Debug|Any CPU
		{60BDAF27-2EC6-46F6-B90F-61A45B6AE1C1}.Release|Any CPU.ActiveCfg = Release|Any CPU
		{60BDAF27-2EC6-46F6-B90F-61A45B6AE1C1}.Release|Any CPU.Build.0 = Release|Any CPU
		{D3E0278E-E9DC-4F99-A14A-01068709F056}.Debug|Any CPU.ActiveCfg = Debug|Any CPU
		{D3E0278E-E9DC-4F99-A14A-01068709F056}.Debug|Any CPU.Build.0 = Debug|Any CPU
		{D3E0278E-E9DC-4F99-A14A-01068709F056}.Release|Any CPU.ActiveCfg = Release|Any CPU
		{D3E0278E-E9DC-4F99-A14A-01068709F056}.Release|Any CPU.Build.0 = Release|Any CPU
	EndGlobalSection
	GlobalSection(SolutionProperties) = preSolution
		HideSolutionNode = FALSE
	EndGlobalSection
	GlobalSection(ExtensibilityGlobals) = postSolution
		SolutionGuid = {26EBBD58-81B0-4FB1-AF63-FCB8FE5F6DED}
	EndGlobalSection
EndGlobal
