
Microsoft Visual Studio Solution File, Format Version 12.00
# Visual Studio 15
VisualStudioVersion = 15.0.28010.2041
MinimumVisualStudioVersion = 10.0.40219.1
Project("{9A19103F-16F7-4668-BE54-9A1E7A4F7556}") = "Webservice", "Webservice\Webservice.csproj", "{B2753D70-2ECD-40C9-8381-49D647CAE7A7}"
EndProject
Project("{9A19103F-16F7-4668-BE54-9A1E7A4F7556}") = "DataService", "DataService\DataService.csproj", "{D93E3B2E-D653-4B1E-BE13-18A00692FB43}"
EndProject
Project("{9A19103F-16F7-4668-BE54-9A1E7A4F7556}") = "Assignment4.Tests", "Assignment4.Tests\Assignment4.Tests.csproj", "{66BC4C96-85CA-43E5-ACFB-5C58E599BA26}"
EndProject
Global
	GlobalSection(SolutionConfigurationPlatforms) = preSolution
		Debug|Any CPU = Debug|Any CPU
		Release|Any CPU = Release|Any CPU
	EndGlobalSection
	GlobalSection(ProjectConfigurationPlatforms) = postSolution
		{B2753D70-2ECD-40C9-8381-49D647CAE7A7}.Debug|Any CPU.ActiveCfg = Debug|Any CPU
		{B2753D70-2ECD-40C9-8381-49D647CAE7A7}.Debug|Any CPU.Build.0 = Debug|Any CPU
		{B2753D70-2ECD-40C9-8381-49D647CAE7A7}.Release|Any CPU.ActiveCfg = Release|Any CPU
		{B2753D70-2ECD-40C9-8381-49D647CAE7A7}.Release|Any CPU.Build.0 = Release|Any CPU
		{D93E3B2E-D653-4B1E-BE13-18A00692FB43}.Debug|Any CPU.ActiveCfg = Debug|Any CPU
		{D93E3B2E-D653-4B1E-BE13-18A00692FB43}.Debug|Any CPU.Build.0 = Debug|Any CPU
		{D93E3B2E-D653-4B1E-BE13-18A00692FB43}.Release|Any CPU.ActiveCfg = Release|Any CPU
		{D93E3B2E-D653-4B1E-BE13-18A00692FB43}.Release|Any CPU.Build.0 = Release|Any CPU
		{66BC4C96-85CA-43E5-ACFB-5C58E599BA26}.Debug|Any CPU.ActiveCfg = Debug|Any CPU
		{66BC4C96-85CA-43E5-ACFB-5C58E599BA26}.Debug|Any CPU.Build.0 = Debug|Any CPU
		{66BC4C96-85CA-43E5-ACFB-5C58E599BA26}.Release|Any CPU.ActiveCfg = Release|Any CPU
		{66BC4C96-85CA-43E5-ACFB-5C58E599BA26}.Release|Any CPU.Build.0 = Release|Any CPU
	EndGlobalSection
	GlobalSection(SolutionProperties) = preSolution
		HideSolutionNode = FALSE
	EndGlobalSection
	GlobalSection(ExtensibilityGlobals) = postSolution
		SolutionGuid = {26EBBD58-81B0-4FB1-AF63-FCB8FE5F6DED}
	EndGlobalSection
EndGlobal
